{
  "name": "solver",
  "version": "1.0.0",
  "lockfileVersion": 2,
  "requires": true,
  "packages": {
    "": {
      "name": "solver",
      "version": "1.0.0",
      "license": "ISC",
      "dependencies": {
        "argparse": "^2.0.1",
        "humanize": "^0.0.9",
        "humanize-duration": "^3.27.0",
        "immutable": "^4.0.0-rc.12",
        "immutable-sorted": "^0.2.11",
        "json-stable-stringify": "^1.0.1",
        "markdown-table": "^3.0.1",
        "object-hash": "^2.2.0"
      }
    },
    "node_modules/argparse": {
      "version": "2.0.1",
      "resolved": "https://registry.npmjs.org/argparse/-/argparse-2.0.1.tgz",
      "integrity": "sha512-8+9WqebbFzpX9OR+Wa6O29asIogeRMzcGtAINdpMHHyAg10f05aSFVBbcEqGf/PXw1EjAZ+q2/bEBg3DvurK3Q=="
    },
    "node_modules/humanize": {
      "version": "0.0.9",
      "resolved": "https://registry.npmjs.org/humanize/-/humanize-0.0.9.tgz",
      "integrity": "sha1-GZT/rs3+nEQe0r2sdFK3u0yeQaQ=",
      "engines": {
        "node": "*"
      }
    },
    "node_modules/humanize-duration": {
      "version": "3.27.0",
      "resolved": "https://registry.npmjs.org/humanize-duration/-/humanize-duration-3.27.0.tgz",
      "integrity": "sha512-qLo/08cNc3Tb0uD7jK0jAcU5cnqCM0n568918E7R2XhMr/+7F37p4EY062W/stg7tmzvknNn9b/1+UhVRzsYrQ=="
    },
    "node_modules/immutable": {
      "version": "4.0.0-rc.12",
      "resolved": "https://registry.npmjs.org/immutable/-/immutable-4.0.0-rc.12.tgz",
      "integrity": "sha512-0M2XxkZLx/mi3t8NVwIm1g8nHoEmM9p9UBl/G9k4+hm0kBgOVdMV/B3CY5dQ8qG8qc80NN4gDV4HQv6FTJ5q7A=="
    },
    "node_modules/immutable-sorted": {
      "version": "0.2.11",
      "resolved": "https://registry.npmjs.org/immutable-sorted/-/immutable-sorted-0.2.11.tgz",
      "integrity": "sha512-z8BX7DSJ/JoPjOsRSW6Sj/k0FhYb2COZ42ezVHmPBAT7gNTWMAbDXjyL8Hd1wp3ZzlIThAeSjKdigBRJ/740DQ=="
    },
    "node_modules/json-stable-stringify": {
      "version": "1.0.1",
      "resolved": "https://registry.npmjs.org/json-stable-stringify/-/json-stable-stringify-1.0.1.tgz",
      "integrity": "sha1-mnWdOcXy/1A/1TAGRu1EX4jE+a8=",
      "dependencies": {
        "jsonify": "~0.0.0"
      }
    },
    "node_modules/jsonify": {
      "version": "0.0.0",
      "resolved": "https://registry.npmjs.org/jsonify/-/jsonify-0.0.0.tgz",
      "integrity": "sha1-LHS27kHZPKUbe1qu6PUDYx0lKnM="
    },
    "node_modules/markdown-table": {
      "version": "3.0.1",
      "resolved": "https://registry.npmjs.org/markdown-table/-/markdown-table-3.0.1.tgz",
      "integrity": "sha512-CBbaYXKSGnE1uLRpKA1SWgIRb2PQrpkllNWpZtZe6VojOJ4ysqiq7/2glYcmKsOYN09QgH/HEBX5hIshAeiK6A==",
      "funding": {
        "type": "github",
        "url": "https://github.com/sponsors/wooorm"
      }
    },
    "node_modules/object-hash": {
      "version": "2.2.0",
      "resolved": "https://registry.npmjs.org/object-hash/-/object-hash-2.2.0.tgz",
      "integrity": "sha512-gScRMn0bS5fH+IuwyIFgnh9zBdo4DV+6GhygmWM9HyNJSgS0hScp1f5vjtm7oIIOiT9trXrShAkLFSc2IqKNgw==",
      "engines": {
        "node": ">= 6"
      }
    }
  },
  "dependencies": {
    "argparse": {
      "version": "2.0.1",
      "resolved": "https://registry.npmjs.org/argparse/-/argparse-2.0.1.tgz",
      "integrity": "sha512-8+9WqebbFzpX9OR+Wa6O29asIogeRMzcGtAINdpMHHyAg10f05aSFVBbcEqGf/PXw1EjAZ+q2/bEBg3DvurK3Q=="
    },
    "humanize": {
      "version": "0.0.9",
      "resolved": "https://registry.npmjs.org/humanize/-/humanize-0.0.9.tgz",
      "integrity": "sha1-GZT/rs3+nEQe0r2sdFK3u0yeQaQ="
    },
    "humanize-duration": {
      "version": "3.27.0",
      "resolved": "https://registry.npmjs.org/humanize-duration/-/humanize-duration-3.27.0.tgz",
      "integrity": "sha512-qLo/08cNc3Tb0uD7jK0jAcU5cnqCM0n568918E7R2XhMr/+7F37p4EY062W/stg7tmzvknNn9b/1+UhVRzsYrQ=="
    },
    "immutable": {
      "version": "4.0.0-rc.12",
      "resolved": "https://registry.npmjs.org/immutable/-/immutable-4.0.0-rc.12.tgz",
      "integrity": "sha512-0M2XxkZLx/mi3t8NVwIm1g8nHoEmM9p9UBl/G9k4+hm0kBgOVdMV/B3CY5dQ8qG8qc80NN4gDV4HQv6FTJ5q7A=="
    },
    "immutable-sorted": {
      "version": "0.2.11",
      "resolved": "https://registry.npmjs.org/immutable-sorted/-/immutable-sorted-0.2.11.tgz",
      "integrity": "sha512-z8BX7DSJ/JoPjOsRSW6Sj/k0FhYb2COZ42ezVHmPBAT7gNTWMAbDXjyL8Hd1wp3ZzlIThAeSjKdigBRJ/740DQ=="
    },
    "json-stable-stringify": {
      "version": "1.0.1",
      "resolved": "https://registry.npmjs.org/json-stable-stringify/-/json-stable-stringify-1.0.1.tgz",
      "integrity": "sha1-mnWdOcXy/1A/1TAGRu1EX4jE+a8=",
      "requires": {
        "jsonify": "~0.0.0"
      }
    },
    "jsonify": {
      "version": "0.0.0",
      "resolved": "https://registry.npmjs.org/jsonify/-/jsonify-0.0.0.tgz",
      "integrity": "sha1-LHS27kHZPKUbe1qu6PUDYx0lKnM="
    },
    "markdown-table": {
      "version": "3.0.1",
      "resolved": "https://registry.npmjs.org/markdown-table/-/markdown-table-3.0.1.tgz",
      "integrity": "sha512-CBbaYXKSGnE1uLRpKA1SWgIRb2PQrpkllNWpZtZe6VojOJ4ysqiq7/2glYcmKsOYN09QgH/HEBX5hIshAeiK6A=="
    },
    "object-hash": {
      "version": "2.2.0",
      "resolved": "https://registry.npmjs.org/object-hash/-/object-hash-2.2.0.tgz",
      "integrity": "sha512-gScRMn0bS5fH+IuwyIFgnh9zBdo4DV+6GhygmWM9HyNJSgS0hScp1f5vjtm7oIIOiT9trXrShAkLFSc2IqKNgw=="
    }
  }
}
